// !$*UTF8*$!
{
	archiveVersion = 1;
	classes = {
	};
	objectVersion = 46;
	objects = {

/* Begin PBXBuildFile section */
		065006D31A7288E800A5ED8F /* sheep.png in Resources */ = {isa = PBXBuildFile; fileRef = 065006CF1A7288E800A5ED8F /* sheep.png */; };
		065006D41A7288E800A5ED8F /* sheepDir.png in Resources */ = {isa = PBXBuildFile; fileRef = 065006D01A7288E800A5ED8F /* sheepDir.png */; };
		065006D51A7288E800A5ED8F /* sheepUp.png in Resources */ = {isa = PBXBuildFile; fileRef = 065006D11A7288E800A5ED8F /* sheepUp.png */; };
		065006D61A7288E800A5ED8F /* sheetEsq.png in Resources */ = {isa = PBXBuildFile; fileRef = 065006D21A7288E800A5ED8F /* sheetEsq.png */; };
		06C303141A72BCB900FFDF7F /* backgroundMusic.wav in Resources */ = {isa = PBXBuildFile; fileRef = 06C303111A72BCB900FFDF7F /* backgroundMusic.wav */; };
		06C303151A72BCB900FFDF7F /* ImSheep.mp3 in Resources */ = {isa = PBXBuildFile; fileRef = 06C303121A72BCB900FFDF7F /* ImSheep.mp3 */; };
		06C303371A75D3EA00FFDF7F /* RWGameData.m in Sources */ = {isa = PBXBuildFile; fileRef = 06C303361A75D3EA00FFDF7F /* RWGameData.m */; };
		06C3033C1A75D5C200FFDF7F /* InitialScreen.m in Sources */ = {isa = PBXBuildFile; fileRef = 06C3033B1A75D5C200FFDF7F /* InitialScreen.m */; };
		06C3033E1A75D8F400FFDF7F /* play.png in Resources */ = {isa = PBXBuildFile; fileRef = 06C3033D1A75D8F400FFDF7F /* play.png */; };
		06C303401A75D8FC00FFDF7F /* more.png in Resources */ = {isa = PBXBuildFile; fileRef = 06C3033F1A75D8FC00FFDF7F /* more.png */; };
		06D499351A6C8B9F00329D2D /* testsheep.PNG in Resources */ = {isa = PBXBuildFile; fileRef = 06D499341A6C8B9F00329D2D /* testsheep.PNG */; };
		06E189CB1A6C8F99007AEF67 /* background1.png in Resources */ = {isa = PBXBuildFile; fileRef = 06E189CA1A6C8F99007AEF67 /* background1.png */; };
		0866099E1A6D5A400094FD93 /* viking.png in Resources */ = {isa = PBXBuildFile; fileRef = 0866099D1A6D5A400094FD93 /* viking.png */; };
		5A06651F1A71792000163B47 /* heart.png in Resources */ = {isa = PBXBuildFile; fileRef = 5A06651D1A71792000163B47 /* heart.png */; };
		5A0665201A71792000163B47 /* wood.png in Resources */ = {isa = PBXBuildFile; fileRef = 5A06651E1A71792000163B47 /* wood.png */; };
		5A06657C1A72C27200163B47 /* HighScoreScene.m in Sources */ = {isa = PBXBuildFile; fileRef = 5A06657B1A72C27200163B47 /* HighScoreScene.m */; };
		5A06658E1A72CC4000163B47 /* animation.atlas in Resources */ = {isa = PBXBuildFile; fileRef = 5A06658D1A72CC4000163B47 /* animation.atlas */; };
		5A0665901A72D17100163B47 /* BackButton.png in Resources */ = {isa = PBXBuildFile; fileRef = 5A06658F1A72D17100163B47 /* BackButton.png */; };
		5A59671C1A72D7A300F8CBD2 /* retryButton.png in Resources */ = {isa = PBXBuildFile; fileRef = 5A59671B1A72D7A300F8CBD2 /* retryButton.png */; };
		5A7258F61A76B27100430536 /* dyingSheep.mp3 in Resources */ = {isa = PBXBuildFile; fileRef = 5A7258F51A76B27100430536 /* dyingSheep.mp3 */; };
		5A7258FA1A76B5BA00430536 /* ranking.png in Resources */ = {isa = PBXBuildFile; fileRef = 5A7258F91A76B5BA00430536 /* ranking.png */; };
		5A7258FC1A76B89F00430536 /* cart.png in Resources */ = {isa = PBXBuildFile; fileRef = 5A7258FB1A76B89F00430536 /* cart.png */; };
		5A7258FE1A76B9C100430536 /* wooden.png in Resources */ = {isa = PBXBuildFile; fileRef = 5A7258FD1A76B9C100430536 /* wooden.png */; };
		5A7259001A76BDB100430536 /* home.png in Resources */ = {isa = PBXBuildFile; fileRef = 5A7258FF1A76BDB100430536 /* home.png */; };
		5AD8CFFB1A6C013800BE3D59 /* main.m in Sources */ = {isa = PBXBuildFile; fileRef = 5AD8CFFA1A6C013800BE3D59 /* main.m */; };
		5AD8CFFE1A6C013800BE3D59 /* AppDelegate.m in Sources */ = {isa = PBXBuildFile; fileRef = 5AD8CFFD1A6C013800BE3D59 /* AppDelegate.m */; };
		5AD8D0011A6C013800BE3D59 /* GameScene.m in Sources */ = {isa = PBXBuildFile; fileRef = 5AD8D0001A6C013800BE3D59 /* GameScene.m */; };
		5AD8D0031A6C013800BE3D59 /* GameScene.sks in Resources */ = {isa = PBXBuildFile; fileRef = 5AD8D0021A6C013800BE3D59 /* GameScene.sks */; };
		5AD8D0061A6C013800BE3D59 /* GameViewController.m in Sources */ = {isa = PBXBuildFile; fileRef = 5AD8D0051A6C013800BE3D59 /* GameViewController.m */; };
		5AD8D0091A6C013800BE3D59 /* Main.storyboard in Resources */ = {isa = PBXBuildFile; fileRef = 5AD8D0071A6C013800BE3D59 /* Main.storyboard */; };
		5AD8D00B1A6C013800BE3D59 /* Images.xcassets in Resources */ = {isa = PBXBuildFile; fileRef = 5AD8D00A1A6C013800BE3D59 /* Images.xcassets */; };
		5AD8D00E1A6C013800BE3D59 /* LaunchScreen.xib in Resources */ = {isa = PBXBuildFile; fileRef = 5AD8D00C1A6C013800BE3D59 /* LaunchScreen.xib */; };
		5AD8D01A1A6C013800BE3D59 /* Challenge07_SheepTests.m in Sources */ = {isa = PBXBuildFile; fileRef = 5AD8D0191A6C013800BE3D59 /* Challenge07_SheepTests.m */; };
		5AD8D0401A6F277B00BE3D59 /* tail.png in Resources */ = {isa = PBXBuildFile; fileRef = 5AD8D0391A6F277B00BE3D59 /* tail.png */; };
/* End PBXBuildFile section */

/* Begin PBXContainerItemProxy section */
		5AD8D0141A6C013800BE3D59 /* PBXContainerItemProxy */ = {
			isa = PBXContainerItemProxy;
			containerPortal = 5AD8CFED1A6C013800BE3D59 /* Project object */;
			proxyType = 1;
			remoteGlobalIDString = 5AD8CFF41A6C013800BE3D59;
			remoteInfo = "Challenge07-Sheep";
		};
/* End PBXContainerItemProxy section */

/* Begin PBXFileReference section */
		065006CF1A7288E800A5ED8F /* sheep.png */ = {isa = PBXFileReference; lastKnownFileType = image.png; path = sheep.png; sourceTree = "<group>"; };
		065006D01A7288E800A5ED8F /* sheepDir.png */ = {isa = PBXFileReference; lastKnownFileType = image.png; path = sheepDir.png; sourceTree = "<group>"; };
		065006D11A7288E800A5ED8F /* sheepUp.png */ = {isa = PBXFileReference; lastKnownFileType = image.png; path = sheepUp.png; sourceTree = "<group>"; };
		065006D21A7288E800A5ED8F /* sheetEsq.png */ = {isa = PBXFileReference; lastKnownFileType = image.png; path = sheetEsq.png; sourceTree = "<group>"; };
		06C303111A72BCB900FFDF7F /* backgroundMusic.wav */ = {isa = PBXFileReference; lastKnownFileType = audio.wav; path = backgroundMusic.wav; sourceTree = "<group>"; };
		06C303121A72BCB900FFDF7F /* ImSheep.mp3 */ = {isa = PBXFileReference; lastKnownFileType = audio.mp3; path = ImSheep.mp3; sourceTree = "<group>"; };
		06C303351A75D3EA00FFDF7F /* RWGameData.h */ = {isa = PBXFileReference; fileEncoding = 4; lastKnownFileType = sourcecode.c.h; path = RWGameData.h; sourceTree = "<group>"; };
		06C303361A75D3EA00FFDF7F /* RWGameData.m */ = {isa = PBXFileReference; fileEncoding = 4; lastKnownFileType = sourcecode.c.objc; path = RWGameData.m; sourceTree = "<group>"; };
		06C3033A1A75D5C200FFDF7F /* InitialScreen.h */ = {isa = PBXFileReference; fileEncoding = 4; lastKnownFileType = sourcecode.c.h; name = InitialScreen.h; path = ../InitialScreen.h; sourceTree = "<group>"; };
		06C3033B1A75D5C200FFDF7F /* InitialScreen.m */ = {isa = PBXFileReference; fileEncoding = 4; lastKnownFileType = sourcecode.c.objc; name = InitialScreen.m; path = ../InitialScreen.m; sourceTree = "<group>"; };
		06C3033D1A75D8F400FFDF7F /* play.png */ = {isa = PBXFileReference; lastKnownFileType = image.png; path = play.png; sourceTree = "<group>"; };
		06C3033F1A75D8FC00FFDF7F /* more.png */ = {isa = PBXFileReference; lastKnownFileType = image.png; path = more.png; sourceTree = "<group>"; };
		06D499341A6C8B9F00329D2D /* testsheep.PNG */ = {isa = PBXFileReference; lastKnownFileType = image.png; path = testsheep.PNG; sourceTree = "<group>"; };
		06E189CA1A6C8F99007AEF67 /* background1.png */ = {isa = PBXFileReference; lastKnownFileType = image.png; path = background1.png; sourceTree = "<group>"; };
		0866099D1A6D5A400094FD93 /* viking.png */ = {isa = PBXFileReference; lastKnownFileType = image.png; path = viking.png; sourceTree = "<group>"; };
		5A06651D1A71792000163B47 /* heart.png */ = {isa = PBXFileReference; lastKnownFileType = image.png; path = heart.png; sourceTree = "<group>"; };
		5A06651E1A71792000163B47 /* wood.png */ = {isa = PBXFileReference; lastKnownFileType = image.png; path = wood.png; sourceTree = "<group>"; };
		5A06657A1A72C27200163B47 /* HighScoreScene.h */ = {isa = PBXFileReference; fileEncoding = 4; lastKnownFileType = sourcecode.c.h; path = HighScoreScene.h; sourceTree = "<group>"; };
		5A06657B1A72C27200163B47 /* HighScoreScene.m */ = {isa = PBXFileReference; fileEncoding = 4; lastKnownFileType = sourcecode.c.objc; path = HighScoreScene.m; sourceTree = "<group>"; };
		5A06658D1A72CC4000163B47 /* animation.atlas */ = {isa = PBXFileReference; lastKnownFileType = folder.skatlas; path = animation.atlas; sourceTree = "<group>"; };
		5A06658F1A72D17100163B47 /* BackButton.png */ = {isa = PBXFileReference; lastKnownFileType = image.png; path = BackButton.png; sourceTree = "<group>"; };
		5A59671B1A72D7A300F8CBD2 /* retryButton.png */ = {isa = PBXFileReference; lastKnownFileType = image.png; path = retryButton.png; sourceTree = "<group>"; };
		5A7258F51A76B27100430536 /* dyingSheep.mp3 */ = {isa = PBXFileReference; lastKnownFileType = audio.mp3; path = dyingSheep.mp3; sourceTree = "<group>"; };
		5A7258F91A76B5BA00430536 /* ranking.png */ = {isa = PBXFileReference; lastKnownFileType = image.png; path = ranking.png; sourceTree = "<group>"; };
		5A7258FB1A76B89F00430536 /* cart.png */ = {isa = PBXFileReference; lastKnownFileType = image.png; path = cart.png; sourceTree = "<group>"; };
		5A7258FD1A76B9C100430536 /* wooden.png */ = {isa = PBXFileReference; lastKnownFileType = image.png; path = wooden.png; sourceTree = "<group>"; };
		5A7258FF1A76BDB100430536 /* home.png */ = {isa = PBXFileReference; lastKnownFileType = image.png; path = home.png; sourceTree = "<group>"; };
		5AD8CFF51A6C013800BE3D59 /* Challenge07-Sheep.app */ = {isa = PBXFileReference; explicitFileType = wrapper.application; includeInIndex = 0; path = "Challenge07-Sheep.app"; sourceTree = BUILT_PRODUCTS_DIR; };
		5AD8CFF91A6C013800BE3D59 /* Info.plist */ = {isa = PBXFileReference; lastKnownFileType = text.plist.xml; path = Info.plist; sourceTree = "<group>"; };
		5AD8CFFA1A6C013800BE3D59 /* main.m */ = {isa = PBXFileReference; lastKnownFileType = sourcecode.c.objc; path = main.m; sourceTree = "<group>"; };
		5AD8CFFC1A6C013800BE3D59 /* AppDelegate.h */ = {isa = PBXFileReference; lastKnownFileType = sourcecode.c.h; path = AppDelegate.h; sourceTree = "<group>"; };
		5AD8CFFD1A6C013800BE3D59 /* AppDelegate.m */ = {isa = PBXFileReference; lastKnownFileType = sourcecode.c.objc; path = AppDelegate.m; sourceTree = "<group>"; };
		5AD8CFFF1A6C013800BE3D59 /* GameScene.h */ = {isa = PBXFileReference; lastKnownFileType = sourcecode.c.h; path = GameScene.h; sourceTree = "<group>"; };
		5AD8D0001A6C013800BE3D59 /* GameScene.m */ = {isa = PBXFileReference; lastKnownFileType = sourcecode.c.objc; path = GameScene.m; sourceTree = "<group>"; };
		5AD8D0021A6C013800BE3D59 /* GameScene.sks */ = {isa = PBXFileReference; lastKnownFileType = file.sks; path = GameScene.sks; sourceTree = "<group>"; };
		5AD8D0041A6C013800BE3D59 /* GameViewController.h */ = {isa = PBXFileReference; lastKnownFileType = sourcecode.c.h; path = GameViewController.h; sourceTree = "<group>"; };
		5AD8D0051A6C013800BE3D59 /* GameViewController.m */ = {isa = PBXFileReference; lastKnownFileType = sourcecode.c.objc; path = GameViewController.m; sourceTree = "<group>"; };
		5AD8D0081A6C013800BE3D59 /* Base */ = {isa = PBXFileReference; lastKnownFileType = file.storyboard; name = Base; path = Base.lproj/Main.storyboard; sourceTree = "<group>"; };
		5AD8D00A1A6C013800BE3D59 /* Images.xcassets */ = {isa = PBXFileReference; lastKnownFileType = folder.assetcatalog; path = Images.xcassets; sourceTree = "<group>"; };
		5AD8D00D1A6C013800BE3D59 /* Base */ = {isa = PBXFileReference; lastKnownFileType = file.xib; name = Base; path = Base.lproj/LaunchScreen.xib; sourceTree = "<group>"; };
		5AD8D0131A6C013800BE3D59 /* Challenge07-SheepTests.xctest */ = {isa = PBXFileReference; explicitFileType = wrapper.cfbundle; includeInIndex = 0; path = "Challenge07-SheepTests.xctest"; sourceTree = BUILT_PRODUCTS_DIR; };
		5AD8D0181A6C013800BE3D59 /* Info.plist */ = {isa = PBXFileReference; lastKnownFileType = text.plist.xml; path = Info.plist; sourceTree = "<group>"; };
		5AD8D0191A6C013800BE3D59 /* Challenge07_SheepTests.m */ = {isa = PBXFileReference; lastKnownFileType = sourcecode.c.objc; path = Challenge07_SheepTests.m; sourceTree = "<group>"; };
		5AD8D0391A6F277B00BE3D59 /* tail.png */ = {isa = PBXFileReference; lastKnownFileType = image.png; path = tail.png; sourceTree = "<group>"; };
/* End PBXFileReference section */

/* Begin PBXFrameworksBuildPhase section */
		5AD8CFF21A6C013800BE3D59 /* Frameworks */ = {
			isa = PBXFrameworksBuildPhase;
			buildActionMask = 2147483647;
			files = (
			);
			runOnlyForDeploymentPostprocessing = 0;
		};
		5AD8D0101A6C013800BE3D59 /* Frameworks */ = {
			isa = PBXFrameworksBuildPhase;
			buildActionMask = 2147483647;
			files = (
			);
			runOnlyForDeploymentPostprocessing = 0;
		};
/* End PBXFrameworksBuildPhase section */

/* Begin PBXGroup section */
		06C303381A75D57100FFDF7F /* buttons */ = {
			isa = PBXGroup;
			children = (
				5A7258FF1A76BDB100430536 /* home.png */,
				06C3033D1A75D8F400FFDF7F /* play.png */,
				5A7258FB1A76B89F00430536 /* cart.png */,
				06C3033F1A75D8FC00FFDF7F /* more.png */,
				5A7258F91A76B5BA00430536 /* ranking.png */,
				5A06658F1A72D17100163B47 /* BackButton.png */,
				5A59671B1A72D7A300F8CBD2 /* retryButton.png */,
			);
			name = buttons;
			sourceTree = "<group>";
		};
		06C303391A75D58400FFDF7F /* sounds */ = {
			isa = PBXGroup;
			children = (
				5A7258F51A76B27100430536 /* dyingSheep.mp3 */,
				06C303111A72BCB900FFDF7F /* backgroundMusic.wav */,
				06C303121A72BCB900FFDF7F /* ImSheep.mp3 */,
			);
			name = sounds;
			sourceTree = "<group>";
		};
		5AD8CFEC1A6C013800BE3D59 = {
			isa = PBXGroup;
			children = (
				5AD8CFF71A6C013800BE3D59 /* Challenge07-Sheep */,
				5AD8D0161A6C013800BE3D59 /* Challenge07-SheepTests */,
				5AD8CFF61A6C013800BE3D59 /* Products */,
			);
			sourceTree = "<group>";
		};
		5AD8CFF61A6C013800BE3D59 /* Products */ = {
			isa = PBXGroup;
			children = (
				5AD8CFF51A6C013800BE3D59 /* Challenge07-Sheep.app */,
				5AD8D0131A6C013800BE3D59 /* Challenge07-SheepTests.xctest */,
			);
			name = Products;
			sourceTree = "<group>";
		};
		5AD8CFF71A6C013800BE3D59 /* Challenge07-Sheep */ = {
			isa = PBXGroup;
			children = (
				5A06657A1A72C27200163B47 /* HighScoreScene.h */,
				5A06657B1A72C27200163B47 /* HighScoreScene.m */,
				5AD8CFFC1A6C013800BE3D59 /* AppDelegate.h */,
				5AD8CFFD1A6C013800BE3D59 /* AppDelegate.m */,
				5AD8CFFF1A6C013800BE3D59 /* GameScene.h */,
				5AD8D0001A6C013800BE3D59 /* GameScene.m */,
				5AD8D0021A6C013800BE3D59 /* GameScene.sks */,
				5AD8D0041A6C013800BE3D59 /* GameViewController.h */,
				5AD8D0051A6C013800BE3D59 /* GameViewController.m */,
				06C303351A75D3EA00FFDF7F /* RWGameData.h */,
				06C303361A75D3EA00FFDF7F /* RWGameData.m */,
				06C3033A1A75D5C200FFDF7F /* InitialScreen.h */,
				06C3033B1A75D5C200FFDF7F /* InitialScreen.m */,
				5AD8D0071A6C013800BE3D59 /* Main.storyboard */,
				5AD8D00A1A6C013800BE3D59 /* Images.xcassets */,
				5AD8D00C1A6C013800BE3D59 /* LaunchScreen.xib */,
				5AD8CFF81A6C013800BE3D59 /* Supporting Files */,
			);
			path = "Challenge07-Sheep";
			sourceTree = "<group>";
		};
		5AD8CFF81A6C013800BE3D59 /* Supporting Files */ = {
			isa = PBXGroup;
			children = (
				5A7258FD1A76B9C100430536 /* wooden.png */,
				06C303391A75D58400FFDF7F /* sounds */,
				06C303381A75D57100FFDF7F /* buttons */,
				5A06658D1A72CC4000163B47 /* animation.atlas */,
				065006CF1A7288E800A5ED8F /* sheep.png */,
				065006D01A7288E800A5ED8F /* sheepDir.png */,
				065006D11A7288E800A5ED8F /* sheepUp.png */,
				065006D21A7288E800A5ED8F /* sheetEsq.png */,
				5A06651D1A71792000163B47 /* heart.png */,
				5A06651E1A71792000163B47 /* wood.png */,
				5AD8D0391A6F277B00BE3D59 /* tail.png */,
				06D499341A6C8B9F00329D2D /* testsheep.PNG */,
				06E189CA1A6C8F99007AEF67 /* background1.png */,
				0866099D1A6D5A400094FD93 /* viking.png */,
				5AD8CFF91A6C013800BE3D59 /* Info.plist */,
				5AD8CFFA1A6C013800BE3D59 /* main.m */,
			);
			name = "Supporting Files";
			sourceTree = "<group>";
		};
		5AD8D0161A6C013800BE3D59 /* Challenge07-SheepTests */ = {
			isa = PBXGroup;
			children = (
				5AD8D0191A6C013800BE3D59 /* Challenge07_SheepTests.m */,
				5AD8D0171A6C013800BE3D59 /* Supporting Files */,
			);
			path = "Challenge07-SheepTests";
			sourceTree = "<group>";
		};
		5AD8D0171A6C013800BE3D59 /* Supporting Files */ = {
			isa = PBXGroup;
			children = (
				5AD8D0181A6C013800BE3D59 /* Info.plist */,
			);
			name = "Supporting Files";
			sourceTree = "<group>";
		};
/* End PBXGroup section */

/* Begin PBXNativeTarget section */
		5AD8CFF41A6C013800BE3D59 /* Challenge07-Sheep */ = {
			isa = PBXNativeTarget;
			buildConfigurationList = 5AD8D01D1A6C013800BE3D59 /* Build configuration list for PBXNativeTarget "Challenge07-Sheep" */;
			buildPhases = (
				5AD8CFF11A6C013800BE3D59 /* Sources */,
				5AD8CFF21A6C013800BE3D59 /* Frameworks */,
				5AD8CFF31A6C013800BE3D59 /* Resources */,
			);
			buildRules = (
			);
			dependencies = (
			);
			name = "Challenge07-Sheep";
			productName = "Challenge07-Sheep";
			productReference = 5AD8CFF51A6C013800BE3D59 /* Challenge07-Sheep.app */;
			productType = "com.apple.product-type.application";
		};
		5AD8D0121A6C013800BE3D59 /* Challenge07-SheepTests */ = {
			isa = PBXNativeTarget;
			buildConfigurationList = 5AD8D0201A6C013800BE3D59 /* Build configuration list for PBXNativeTarget "Challenge07-SheepTests" */;
			buildPhases = (
				5AD8D00F1A6C013800BE3D59 /* Sources */,
				5AD8D0101A6C013800BE3D59 /* Frameworks */,
				5AD8D0111A6C013800BE3D59 /* Resources */,
			);
			buildRules = (
			);
			dependencies = (
				5AD8D0151A6C013800BE3D59 /* PBXTargetDependency */,
			);
			name = "Challenge07-SheepTests";
			productName = "Challenge07-SheepTests";
			productReference = 5AD8D0131A6C013800BE3D59 /* Challenge07-SheepTests.xctest */;
			productType = "com.apple.product-type.bundle.unit-test";
		};
/* End PBXNativeTarget section */

/* Begin PBXProject section */
		5AD8CFED1A6C013800BE3D59 /* Project object */ = {
			isa = PBXProject;
			attributes = {
				LastUpgradeCheck = 0610;
				ORGANIZATIONNAME = "Douglas Mandarino";
				TargetAttributes = {
					5AD8CFF41A6C013800BE3D59 = {
						CreatedOnToolsVersion = 6.1.1;
						DevelopmentTeam = N3GG8VLR9P;
					};
					5AD8D0121A6C013800BE3D59 = {
						CreatedOnToolsVersion = 6.1.1;
						DevelopmentTeam = N3GG8VLR9P;
						TestTargetID = 5AD8CFF41A6C013800BE3D59;
					};
				};
			};
			buildConfigurationList = 5AD8CFF01A6C013800BE3D59 /* Build configuration list for PBXProject "Challenge07-Sheep" */;
			compatibilityVersion = "Xcode 3.2";
			developmentRegion = English;
			hasScannedForEncodings = 0;
			knownRegions = (
				en,
				Base,
			);
			mainGroup = 5AD8CFEC1A6C013800BE3D59;
			productRefGroup = 5AD8CFF61A6C013800BE3D59 /* Products */;
			projectDirPath = "";
			projectRoot = "";
			targets = (
				5AD8CFF41A6C013800BE3D59 /* Challenge07-Sheep */,
				5AD8D0121A6C013800BE3D59 /* Challenge07-SheepTests */,
			);
		};
/* End PBXProject section */

/* Begin PBXResourcesBuildPhase section */
		5AD8CFF31A6C013800BE3D59 /* Resources */ = {
			isa = PBXResourcesBuildPhase;
			buildActionMask = 2147483647;
			files = (
				5AD8D00E1A6C013800BE3D59 /* LaunchScreen.xib in Resources */,
				065006D31A7288E800A5ED8F /* sheep.png in Resources */,
				0866099E1A6D5A400094FD93 /* viking.png in Resources */,
				5A0665901A72D17100163B47 /* BackButton.png in Resources */,
				5A7258FE1A76B9C100430536 /* wooden.png in Resources */,
				5A06651F1A71792000163B47 /* heart.png in Resources */,
				5A7258FC1A76B89F00430536 /* cart.png in Resources */,
				5A7258FA1A76B5BA00430536 /* ranking.png in Resources */,
				065006D41A7288E800A5ED8F /* sheepDir.png in Resources */,
				06C303401A75D8FC00FFDF7F /* more.png in Resources */,
				5A7259001A76BDB100430536 /* home.png in Resources */,
				06E189CB1A6C8F99007AEF67 /* background1.png in Resources */,
				5A7258F61A76B27100430536 /* dyingSheep.mp3 in Resources */,
				5AD8D0401A6F277B00BE3D59 /* tail.png in Resources */,
				06C303141A72BCB900FFDF7F /* backgroundMusic.wav in Resources */,
				5AD8D00B1A6C013800BE3D59 /* Images.xcassets in Resources */,
				5A06658E1A72CC4000163B47 /* animation.atlas in Resources */,
				065006D61A7288E800A5ED8F /* sheetEsq.png in Resources */,
				5A0665201A71792000163B47 /* wood.png in Resources */,
				06C3033E1A75D8F400FFDF7F /* play.png in Resources */,
				065006D51A7288E800A5ED8F /* sheepUp.png in Resources */,
				06C303151A72BCB900FFDF7F /* ImSheep.mp3 in Resources */,
				5A59671C1A72D7A300F8CBD2 /* retryButton.png in Resources */,
				5AD8D0031A6C013800BE3D59 /* GameScene.sks in Resources */,
				5AD8D0091A6C013800BE3D59 /* Main.storyboard in Resources */,
				06D499351A6C8B9F00329D2D /* testsheep.PNG in Resources */,
			);
			runOnlyForDeploymentPostprocessing = 0;
		};
		5AD8D0111A6C013800BE3D59 /* Resources */ = {
			isa = PBXResourcesBuildPhase;
			buildActionMask = 2147483647;
			files = (
			);
			runOnlyForDeploymentPostprocessing = 0;
		};
/* End PBXResourcesBuildPhase section */

/* Begin PBXSourcesBuildPhase section */
		5AD8CFF11A6C013800BE3D59 /* Sources */ = {
			isa = PBXSourcesBuildPhase;
			buildActionMask = 2147483647;
			files = (
				5AD8D0061A6C013800BE3D59 /* GameViewController.m in Sources */,
				5AD8CFFE1A6C013800BE3D59 /* AppDelegate.m in Sources */,
				06C3033C1A75D5C200FFDF7F /* InitialScreen.m in Sources */,
				06C303371A75D3EA00FFDF7F /* RWGameData.m in Sources */,
				5AD8D0011A6C013800BE3D59 /* GameScene.m in Sources */,
				5AD8CFFB1A6C013800BE3D59 /* main.m in Sources */,
				5A06657C1A72C27200163B47 /* HighScoreScene.m in Sources */,
			);
			runOnlyForDeploymentPostprocessing = 0;
		};
		5AD8D00F1A6C013800BE3D59 /* Sources */ = {
			isa = PBXSourcesBuildPhase;
			buildActionMask = 2147483647;
			files = (
				5AD8D01A1A6C013800BE3D59 /* Challenge07_SheepTests.m in Sources */,
			);
			runOnlyForDeploymentPostprocessing = 0;
		};
/* End PBXSourcesBuildPhase section */

/* Begin PBXTargetDependency section */
		5AD8D0151A6C013800BE3D59 /* PBXTargetDependency */ = {
			isa = PBXTargetDependency;
			target = 5AD8CFF41A6C013800BE3D59 /* Challenge07-Sheep */;
			targetProxy = 5AD8D0141A6C013800BE3D59 /* PBXContainerItemProxy */;
		};
/* End PBXTargetDependency section */

/* Begin PBXVariantGroup section */
		5AD8D0071A6C013800BE3D59 /* Main.storyboard */ = {
			isa = PBXVariantGroup;
			children = (
				5AD8D0081A6C013800BE3D59 /* Base */,
			);
			name = Main.storyboard;
			sourceTree = "<group>";
		};
		5AD8D00C1A6C013800BE3D59 /* LaunchScreen.xib */ = {
			isa = PBXVariantGroup;
			children = (
				5AD8D00D1A6C013800BE3D59 /* Base */,
			);
			name = LaunchScreen.xib;
			sourceTree = "<group>";
		};
/* End PBXVariantGroup section */

/* Begin XCBuildConfiguration section */
		5AD8D01B1A6C013800BE3D59 /* Debug */ = {
			isa = XCBuildConfiguration;
			buildSettings = {
				ALWAYS_SEARCH_USER_PATHS = NO;
				CLANG_CXX_LANGUAGE_STANDARD = "gnu++0x";
				CLANG_CXX_LIBRARY = "libc++";
				CLANG_ENABLE_MODULES = YES;
				CLANG_ENABLE_OBJC_ARC = YES;
				CLANG_WARN_BOOL_CONVERSION = YES;
				CLANG_WARN_CONSTANT_CONVERSION = YES;
				CLANG_WARN_DIRECT_OBJC_ISA_USAGE = YES_ERROR;
				CLANG_WARN_EMPTY_BODY = YES;
				CLANG_WARN_ENUM_CONVERSION = YES;
				CLANG_WARN_INT_CONVERSION = YES;
				CLANG_WARN_OBJC_ROOT_CLASS = YES_ERROR;
				CLANG_WARN_UNREACHABLE_CODE = YES;
				CLANG_WARN__DUPLICATE_METHOD_MATCH = YES;
				"CODE_SIGN_IDENTITY[sdk=iphoneos*]" = "iPhone Developer";
				COPY_PHASE_STRIP = NO;
				ENABLE_STRICT_OBJC_MSGSEND = YES;
				GCC_C_LANGUAGE_STANDARD = gnu99;
				GCC_DYNAMIC_NO_PIC = NO;
				GCC_OPTIMIZATION_LEVEL = 0;
				GCC_PREPROCESSOR_DEFINITIONS = (
					"DEBUG=1",
					"$(inherited)",
				);
				GCC_SYMBOLS_PRIVATE_EXTERN = NO;
				GCC_WARN_64_TO_32_BIT_CONVERSION = YES;
				GCC_WARN_ABOUT_RETURN_TYPE = YES_ERROR;
				GCC_WARN_UNDECLARED_SELECTOR = YES;
				GCC_WARN_UNINITIALIZED_AUTOS = YES_AGGRESSIVE;
				GCC_WARN_UNUSED_FUNCTION = YES;
				GCC_WARN_UNUSED_VARIABLE = YES;
				IPHONEOS_DEPLOYMENT_TARGET = 8.1;
				MTL_ENABLE_DEBUG_INFO = YES;
				ONLY_ACTIVE_ARCH = YES;
				SDKROOT = iphoneos;
				TARGETED_DEVICE_FAMILY = "1,2";
			};
			name = Debug;
		};
		5AD8D01C1A6C013800BE3D59 /* Release */ = {
			isa = XCBuildConfiguration;
			buildSettings = {
				ALWAYS_SEARCH_USER_PATHS = NO;
				CLANG_CXX_LANGUAGE_STANDARD = "gnu++0x";
				CLANG_CXX_LIBRARY = "libc++";
				CLANG_ENABLE_MODULES = YES;
				CLANG_ENABLE_OBJC_ARC = YES;
				CLANG_WARN_BOOL_CONVERSION = YES;
				CLANG_WARN_CONSTANT_CONVERSION = YES;
				CLANG_WARN_DIRECT_OBJC_ISA_USAGE = YES_ERROR;
				CLANG_WARN_EMPTY_BODY = YES;
				CLANG_WARN_ENUM_CONVERSION = YES;
				CLANG_WARN_INT_CONVERSION = YES;
				CLANG_WARN_OBJC_ROOT_CLASS = YES_ERROR;
				CLANG_WARN_UNREACHABLE_CODE = YES;
				CLANG_WARN__DUPLICATE_METHOD_MATCH = YES;
				"CODE_SIGN_IDENTITY[sdk=iphoneos*]" = "iPhone Developer";
				COPY_PHASE_STRIP = YES;
				ENABLE_NS_ASSERTIONS = NO;
				ENABLE_STRICT_OBJC_MSGSEND = YES;
				GCC_C_LANGUAGE_STANDARD = gnu99;
				GCC_WARN_64_TO_32_BIT_CONVERSION = YES;
				GCC_WARN_ABOUT_RETURN_TYPE = YES_ERROR;
				GCC_WARN_UNDECLARED_SELECTOR = YES;
				GCC_WARN_UNINITIALIZED_AUTOS = YES_AGGRESSIVE;
				GCC_WARN_UNUSED_FUNCTION = YES;
				GCC_WARN_UNUSED_VARIABLE = YES;
				IPHONEOS_DEPLOYMENT_TARGET = 8.1;
				MTL_ENABLE_DEBUG_INFO = NO;
				SDKROOT = iphoneos;
				TARGETED_DEVICE_FAMILY = "1,2";
				VALIDATE_PRODUCT = YES;
			};
			name = Release;
		};
		5AD8D01E1A6C013800BE3D59 /* Debug */ = {
			isa = XCBuildConfiguration;
			buildSettings = {
				ASSETCATALOG_COMPILER_APPICON_NAME = AppIcon;
				CODE_SIGN_IDENTITY = "iPhone Developer";
				"CODE_SIGN_IDENTITY[sdk=iphoneos*]" = "iPhone Developer";
				INFOPLIST_FILE = "Challenge07-Sheep/Info.plist";
				LD_RUNPATH_SEARCH_PATHS = "$(inherited) @executable_path/Frameworks";
				PRODUCT_NAME = "$(TARGET_NAME)";
				PROVISIONING_PROFILE = "";
			};
			name = Debug;
		};
		5AD8D01F1A6C013800BE3D59 /* Release */ = {
			isa = XCBuildConfiguration;
			buildSettings = {
				ASSETCATALOG_COMPILER_APPICON_NAME = AppIcon;
				CODE_SIGN_IDENTITY = "iPhone Developer";
				"CODE_SIGN_IDENTITY[sdk=iphoneos*]" = "iPhone Developer";
				INFOPLIST_FILE = "Challenge07-Sheep/Info.plist";
				LD_RUNPATH_SEARCH_PATHS = "$(inherited) @executable_path/Frameworks";
				PRODUCT_NAME = "$(TARGET_NAME)";
				PROVISIONING_PROFILE = "";
			};
			name = Release;
		};
		5AD8D0211A6C013800BE3D59 /* Debug */ = {
			isa = XCBuildConfiguration;
			buildSettings = {
				BUNDLE_LOADER = "$(TEST_HOST)";
				FRAMEWORK_SEARCH_PATHS = (
					"$(SDKROOT)/Developer/Library/Frameworks",
					"$(inherited)",
				);
				GCC_PREPROCESSOR_DEFINITIONS = (
					"DEBUG=1",
					"$(inherited)",
				);
				INFOPLIST_FILE = "Challenge07-SheepTests/Info.plist";
				LD_RUNPATH_SEARCH_PATHS = "$(inherited) @executable_path/Frameworks @loader_path/Frameworks";
				PRODUCT_NAME = "$(TARGET_NAME)";
				TEST_HOST = "$(BUILT_PRODUCTS_DIR)/Challenge07-Sheep.app/Challenge07-Sheep";
			};
			name = Debug;
		};
		5AD8D0221A6C013800BE3D59 /* Release */ = {
			isa = XCBuildConfiguration;
			buildSettings = {
				BUNDLE_LOADER = "$(TEST_HOST)";
				FRAMEWORK_SEARCH_PATHS = (
					"$(SDKROOT)/Developer/Library/Frameworks",
					"$(inherited)",
				);
				INFOPLIST_FILE = "Challenge07-SheepTests/Info.plist";
				LD_RUNPATH_SEARCH_PATHS = "$(inherited) @executable_path/Frameworks @loader_path/Frameworks";
				PRODUCT_NAME = "$(TARGET_NAME)";
				TEST_HOST = "$(BUILT_PRODUCTS_DIR)/Challenge07-Sheep.app/Challenge07-Sheep";
			};
			name = Release;
		};
/* End XCBuildConfiguration section */

/* Begin XCConfigurationList section */
		5AD8CFF01A6C013800BE3D59 /* Build configuration list for PBXProject "Challenge07-Sheep" */ = {
			isa = XCConfigurationList;
			buildConfigurations = (
				5AD8D01B1A6C013800BE3D59 /* Debug */,
				5AD8D01C1A6C013800BE3D59 /* Release */,
			);
			defaultConfigurationIsVisible = 0;
			defaultConfigurationName = Release;
		};
		5AD8D01D1A6C013800BE3D59 /* Build configuration list for PBXNativeTarget "Challenge07-Sheep" */ = {
			isa = XCConfigurationList;
			buildConfigurations = (
				5AD8D01E1A6C013800BE3D59 /* Debug */,
				5AD8D01F1A6C013800BE3D59 /* Release */,
			);
			defaultConfigurationIsVisible = 0;
			defaultConfigurationName = Release;
		};
		5AD8D0201A6C013800BE3D59 /* Build configuration list for PBXNativeTarget "Challenge07-SheepTests" */ = {
			isa = XCConfigurationList;
			buildConfigurations = (
				5AD8D0211A6C013800BE3D59 /* Debug */,
				5AD8D0221A6C013800BE3D59 /* Release */,
			);
			defaultConfigurationIsVisible = 0;
			defaultConfigurationName = Release;
		};
/* End XCConfigurationList section */
	};
	rootObject = 5AD8CFED1A6C013800BE3D59 /* Project object */;
}
