// !$*UTF8*$!
{
	archiveVersion = 1;
	classes = {
	};
	objectVersion = 46;
	objects = {

/* Begin PBXBuildFile section */
		06C303141A72BCB900FFDF7F /* backgroundMusic.wav in Resources */ = {isa = PBXBuildFile; fileRef = 06C303111A72BCB900FFDF7F /* backgroundMusic.wav */; };
		06C303151A72BCB900FFDF7F /* ImSheep.mp3 in Resources */ = {isa = PBXBuildFile; fileRef = 06C303121A72BCB900FFDF7F /* ImSheep.mp3 */; };
		06C303371A75D3EA00FFDF7F /* RWGameData.m in Sources */ = {isa = PBXBuildFile; fileRef = 06C303361A75D3EA00FFDF7F /* RWGameData.m */; };
		06C3033C1A75D5C200FFDF7F /* InitialScreen.m in Sources */ = {isa = PBXBuildFile; fileRef = 06C3033B1A75D5C200FFDF7F /* InitialScreen.m */; };
		06C3033E1A75D8F400FFDF7F /* play.png in Resources */ = {isa = PBXBuildFile; fileRef = 06C3033D1A75D8F400FFDF7F /* play.png */; };
		06C303581A77D94400FFDF7F /* TutorialScene.m in Sources */ = {isa = PBXBuildFile; fileRef = 06C303571A77D94400FFDF7F /* TutorialScene.m */; };
		06C3035C1A77E41600FFDF7F /* tutorial.png in Resources */ = {isa = PBXBuildFile; fileRef = 06C3035B1A77E41600FFDF7F /* tutorial.png */; };
		06C303611A796AA700FFDF7F /* introMovie2.mov in Resources */ = {isa = PBXBuildFile; fileRef = 06C303601A796AA700FFDF7F /* introMovie2.mov */; };
		06C303641A796C5A00FFDF7F /* trailerScene.m in Sources */ = {isa = PBXBuildFile; fileRef = 06C303631A796C5A00FFDF7F /* trailerScene.m */; };
		06E189CB1A6C8F99007AEF67 /* background1.png in Resources */ = {isa = PBXBuildFile; fileRef = 06E189CA1A6C8F99007AEF67 /* background1.png */; };
		080569C81A77F39B0071E451 /* woodBackground.png in Resources */ = {isa = PBXBuildFile; fileRef = 080569C71A77F39B0071E451 /* woodBackground.png */; };
		080569CC1A780D550071E451 /* link.png in Resources */ = {isa = PBXBuildFile; fileRef = 080569C91A780D550071E451 /* link.png */; };
		080569CD1A780D550071E451 /* medieval.png in Resources */ = {isa = PBXBuildFile; fileRef = 080569CA1A780D550071E451 /* medieval.png */; };
		080569D01A780D5F0071E451 /* king.png in Resources */ = {isa = PBXBuildFile; fileRef = 080569CF1A780D5F0071E451 /* king.png */; };
		089AD9371A76D1090045F73C /* coins.png in Resources */ = {isa = PBXBuildFile; fileRef = 089AD9361A76D1090045F73C /* coins.png */; };
		08B1D9B61A76C0BE00788575 /* initialScreen.mp3 in Resources */ = {isa = PBXBuildFile; fileRef = 08B1D9B31A76C0BE00788575 /* initialScreen.mp3 */; };
		08B1D9B71A76C0BE00788575 /* store.wav in Resources */ = {isa = PBXBuildFile; fileRef = 08B1D9B41A76C0BE00788575 /* store.wav */; };
		08B5928D1A77DB5F00979D23 /* nakedSheep.png in Resources */ = {isa = PBXBuildFile; fileRef = 08B5928C1A77DB5F00979D23 /* nakedSheep.png */; };
		08B592901A77DE3300979D23 /* Store.m in Sources */ = {isa = PBXBuildFile; fileRef = 08B5928F1A77DE3300979D23 /* Store.m */; };
		08D9DB4F1A7FD9E6001FFC24 /* pirate.png in Resources */ = {isa = PBXBuildFile; fileRef = 08D9DB4B1A7FD9E6001FFC24 /* pirate.png */; };
		08D9DB501A7FD9E6001FFC24 /* pirateDir.png in Resources */ = {isa = PBXBuildFile; fileRef = 08D9DB4C1A7FD9E6001FFC24 /* pirateDir.png */; };
		08D9DB521A7FD9E6001FFC24 /* pirateUp.png in Resources */ = {isa = PBXBuildFile; fileRef = 08D9DB4E1A7FD9E6001FFC24 /* pirateUp.png */; };
		08D9DB541A7FDAAB001FFC24 /* pirateEsq.png in Resources */ = {isa = PBXBuildFile; fileRef = 08D9DB531A7FDAAB001FFC24 /* pirateEsq.png */; };
		5A06651F1A71792000163B47 /* heart.png in Resources */ = {isa = PBXBuildFile; fileRef = 5A06651D1A71792000163B47 /* heart.png */; };
		5A06657C1A72C27200163B47 /* HighScoreScene.m in Sources */ = {isa = PBXBuildFile; fileRef = 5A06657B1A72C27200163B47 /* HighScoreScene.m */; };
		5A06658E1A72CC4000163B47 /* animation.atlas in Resources */ = {isa = PBXBuildFile; fileRef = 5A06658D1A72CC4000163B47 /* animation.atlas */; };
		5A7258F61A76B27100430536 /* dyingSheep.mp3 in Resources */ = {isa = PBXBuildFile; fileRef = 5A7258F51A76B27100430536 /* dyingSheep.mp3 */; };
		5A7258FA1A76B5BA00430536 /* ranking.png in Resources */ = {isa = PBXBuildFile; fileRef = 5A7258F91A76B5BA00430536 /* ranking.png */; };
		5A7258FC1A76B89F00430536 /* cart.png in Resources */ = {isa = PBXBuildFile; fileRef = 5A7258FB1A76B89F00430536 /* cart.png */; };
		5A7258FE1A76B9C100430536 /* wooden.png in Resources */ = {isa = PBXBuildFile; fileRef = 5A7258FD1A76B9C100430536 /* wooden.png */; };
		5A7259001A76BDB100430536 /* home.png in Resources */ = {isa = PBXBuildFile; fileRef = 5A7258FF1A76BDB100430536 /* home.png */; };
		5A7259021A76C3F500430536 /* retry.png in Resources */ = {isa = PBXBuildFile; fileRef = 5A7259011A76C3F500430536 /* retry.png */; };
		5A7259041A76C54000430536 /* play2.png in Resources */ = {isa = PBXBuildFile; fileRef = 5A7259031A76C54000430536 /* play2.png */; };
		5A72590F1A76DE1000430536 /* cardBonus.png in Resources */ = {isa = PBXBuildFile; fileRef = 5A72590B1A76DE1000430536 /* cardBonus.png */; };
		5A7259101A76DE1000430536 /* cardCoin.png in Resources */ = {isa = PBXBuildFile; fileRef = 5A72590C1A76DE1000430536 /* cardCoin.png */; };
		5A7259111A76DE1000430536 /* cardHeart.png in Resources */ = {isa = PBXBuildFile; fileRef = 5A72590D1A76DE1000430536 /* cardHeart.png */; };
		5A7259121A76DE1000430536 /* cardSuper.png in Resources */ = {isa = PBXBuildFile; fileRef = 5A72590E1A76DE1000430536 /* cardSuper.png */; };
		5AA813041A77F38600D6156E /* help.png in Resources */ = {isa = PBXBuildFile; fileRef = 5AA813031A77F38600D6156E /* help.png */; };
		5AB9925E1A78D84E001E3148 /* Sheep.m in Sources */ = {isa = PBXBuildFile; fileRef = 5AB9925D1A78D84E001E3148 /* Sheep.m */; };
		5AD4B8851A79BE9600B4D974 /* viking.png in Resources */ = {isa = PBXBuildFile; fileRef = 5AD4B8811A79BE9600B4D974 /* viking.png */; };
		5AD4B8861A79BE9600B4D974 /* vikingDir.png in Resources */ = {isa = PBXBuildFile; fileRef = 5AD4B8821A79BE9600B4D974 /* vikingDir.png */; };
		5AD4B8871A79BE9600B4D974 /* vikingEsq.png in Resources */ = {isa = PBXBuildFile; fileRef = 5AD4B8831A79BE9600B4D974 /* vikingEsq.png */; };
		5AD4B8881A79BE9600B4D974 /* vikingUp.png in Resources */ = {isa = PBXBuildFile; fileRef = 5AD4B8841A79BE9600B4D974 /* vikingUp.png */; };
		5AD8CFFB1A6C013800BE3D59 /* main.m in Sources */ = {isa = PBXBuildFile; fileRef = 5AD8CFFA1A6C013800BE3D59 /* main.m */; };
		5AD8CFFE1A6C013800BE3D59 /* AppDelegate.m in Sources */ = {isa = PBXBuildFile; fileRef = 5AD8CFFD1A6C013800BE3D59 /* AppDelegate.m */; };
		5AD8D0011A6C013800BE3D59 /* GameScene.m in Sources */ = {isa = PBXBuildFile; fileRef = 5AD8D0001A6C013800BE3D59 /* GameScene.m */; };
		5AD8D0031A6C013800BE3D59 /* GameScene.sks in Resources */ = {isa = PBXBuildFile; fileRef = 5AD8D0021A6C013800BE3D59 /* GameScene.sks */; };
		5AD8D0061A6C013800BE3D59 /* GameViewController.m in Sources */ = {isa = PBXBuildFile; fileRef = 5AD8D0051A6C013800BE3D59 /* GameViewController.m */; };
		5AD8D0091A6C013800BE3D59 /* Main.storyboard in Resources */ = {isa = PBXBuildFile; fileRef = 5AD8D0071A6C013800BE3D59 /* Main.storyboard */; };
		5AD8D00B1A6C013800BE3D59 /* Images.xcassets in Resources */ = {isa = PBXBuildFile; fileRef = 5AD8D00A1A6C013800BE3D59 /* Images.xcassets */; };
		5AD8D00E1A6C013800BE3D59 /* LaunchScreen.xib in Resources */ = {isa = PBXBuildFile; fileRef = 5AD8D00C1A6C013800BE3D59 /* LaunchScreen.xib */; };
/* End PBXBuildFile section */

/* Begin PBXFileReference section */
		06C303111A72BCB900FFDF7F /* backgroundMusic.wav */ = {isa = PBXFileReference; lastKnownFileType = audio.wav; path = backgroundMusic.wav; sourceTree = "<group>"; };
		06C303121A72BCB900FFDF7F /* ImSheep.mp3 */ = {isa = PBXFileReference; lastKnownFileType = audio.mp3; path = ImSheep.mp3; sourceTree = "<group>"; };
		06C303351A75D3EA00FFDF7F /* RWGameData.h */ = {isa = PBXFileReference; fileEncoding = 4; lastKnownFileType = sourcecode.c.h; path = RWGameData.h; sourceTree = "<group>"; };
		06C303361A75D3EA00FFDF7F /* RWGameData.m */ = {isa = PBXFileReference; fileEncoding = 4; lastKnownFileType = sourcecode.c.objc; path = RWGameData.m; sourceTree = "<group>"; };
		06C3033A1A75D5C200FFDF7F /* InitialScreen.h */ = {isa = PBXFileReference; fileEncoding = 4; lastKnownFileType = sourcecode.c.h; name = InitialScreen.h; path = ../InitialScreen.h; sourceTree = "<group>"; };
		06C3033B1A75D5C200FFDF7F /* InitialScreen.m */ = {isa = PBXFileReference; fileEncoding = 4; lastKnownFileType = sourcecode.c.objc; name = InitialScreen.m; path = ../InitialScreen.m; sourceTree = "<group>"; };
		06C3033D1A75D8F400FFDF7F /* play.png */ = {isa = PBXFileReference; lastKnownFileType = image.png; path = play.png; sourceTree = "<group>"; };
		06C303561A77D94400FFDF7F /* TutorialScene.h */ = {isa = PBXFileReference; fileEncoding = 4; lastKnownFileType = sourcecode.c.h; name = TutorialScene.h; path = ../TutorialScene.h; sourceTree = "<group>"; };
		06C303571A77D94400FFDF7F /* TutorialScene.m */ = {isa = PBXFileReference; fileEncoding = 4; lastKnownFileType = sourcecode.c.objc; name = TutorialScene.m; path = ../TutorialScene.m; sourceTree = "<group>"; };
		06C3035B1A77E41600FFDF7F /* tutorial.png */ = {isa = PBXFileReference; lastKnownFileType = image.png; path = tutorial.png; sourceTree = "<group>"; };
		06C3035F1A79695F00FFDF7F /* introMovie.mp4 */ = {isa = PBXFileReference; lastKnownFileType = file; path = introMovie.mp4; sourceTree = "<group>"; };
		06C303601A796AA700FFDF7F /* introMovie2.mov */ = {isa = PBXFileReference; lastKnownFileType = video.quicktime; path = introMovie2.mov; sourceTree = "<group>"; };
		06C303621A796C5A00FFDF7F /* trailerScene.h */ = {isa = PBXFileReference; fileEncoding = 4; lastKnownFileType = sourcecode.c.h; path = trailerScene.h; sourceTree = "<group>"; };
		06C303631A796C5A00FFDF7F /* trailerScene.m */ = {isa = PBXFileReference; fileEncoding = 4; lastKnownFileType = sourcecode.c.objc; path = trailerScene.m; sourceTree = "<group>"; };
		06E189CA1A6C8F99007AEF67 /* background1.png */ = {isa = PBXFileReference; lastKnownFileType = image.png; path = background1.png; sourceTree = "<group>"; };
		080569C71A77F39B0071E451 /* woodBackground.png */ = {isa = PBXFileReference; lastKnownFileType = image.png; path = woodBackground.png; sourceTree = "<group>"; };
		080569C91A780D550071E451 /* link.png */ = {isa = PBXFileReference; lastKnownFileType = image.png; path = link.png; sourceTree = "<group>"; };
		080569CA1A780D550071E451 /* medieval.png */ = {isa = PBXFileReference; lastKnownFileType = image.png; path = medieval.png; sourceTree = "<group>"; };
		080569CF1A780D5F0071E451 /* king.png */ = {isa = PBXFileReference; lastKnownFileType = image.png; path = king.png; sourceTree = "<group>"; };
		089AD9361A76D1090045F73C /* coins.png */ = {isa = PBXFileReference; lastKnownFileType = image.png; path = coins.png; sourceTree = "<group>"; };
		08B1D9B31A76C0BE00788575 /* initialScreen.mp3 */ = {isa = PBXFileReference; lastKnownFileType = audio.mp3; path = initialScreen.mp3; sourceTree = "<group>"; };
		08B1D9B41A76C0BE00788575 /* store.wav */ = {isa = PBXFileReference; lastKnownFileType = audio.wav; path = store.wav; sourceTree = "<group>"; };
		08B5928C1A77DB5F00979D23 /* nakedSheep.png */ = {isa = PBXFileReference; lastKnownFileType = image.png; path = nakedSheep.png; sourceTree = "<group>"; };
		08B5928E1A77DE3300979D23 /* Store.h */ = {isa = PBXFileReference; fileEncoding = 4; lastKnownFileType = sourcecode.c.h; name = Store.h; path = ../Store.h; sourceTree = "<group>"; };
		08B5928F1A77DE3300979D23 /* Store.m */ = {isa = PBXFileReference; fileEncoding = 4; lastKnownFileType = sourcecode.c.objc; name = Store.m; path = ../Store.m; sourceTree = "<group>"; };
		08D9DB4B1A7FD9E6001FFC24 /* pirate.png */ = {isa = PBXFileReference; lastKnownFileType = image.png; path = pirate.png; sourceTree = "<group>"; };
		08D9DB4C1A7FD9E6001FFC24 /* pirateDir.png */ = {isa = PBXFileReference; lastKnownFileType = image.png; path = pirateDir.png; sourceTree = "<group>"; };
		08D9DB4E1A7FD9E6001FFC24 /* pirateUp.png */ = {isa = PBXFileReference; lastKnownFileType = image.png; path = pirateUp.png; sourceTree = "<group>"; };
		08D9DB531A7FDAAB001FFC24 /* pirateEsq.png */ = {isa = PBXFileReference; lastKnownFileType = image.png; path = pirateEsq.png; sourceTree = "<group>"; };
		5A06651D1A71792000163B47 /* heart.png */ = {isa = PBXFileReference; lastKnownFileType = image.png; path = heart.png; sourceTree = "<group>"; };
		5A06657A1A72C27200163B47 /* HighScoreScene.h */ = {isa = PBXFileReference; fileEncoding = 4; lastKnownFileType = sourcecode.c.h; path = HighScoreScene.h; sourceTree = "<group>"; };
		5A06657B1A72C27200163B47 /* HighScoreScene.m */ = {isa = PBXFileReference; fileEncoding = 4; lastKnownFileType = sourcecode.c.objc; path = HighScoreScene.m; sourceTree = "<group>"; };
		5A06658D1A72CC4000163B47 /* animation.atlas */ = {isa = PBXFileReference; lastKnownFileType = folder.skatlas; path = animation.atlas; sourceTree = "<group>"; };
		5A7258F51A76B27100430536 /* dyingSheep.mp3 */ = {isa = PBXFileReference; lastKnownFileType = audio.mp3; path = dyingSheep.mp3; sourceTree = "<group>"; };
		5A7258F91A76B5BA00430536 /* ranking.png */ = {isa = PBXFileReference; lastKnownFileType = image.png; path = ranking.png; sourceTree = "<group>"; };
		5A7258FB1A76B89F00430536 /* cart.png */ = {isa = PBXFileReference; lastKnownFileType = image.png; path = cart.png; sourceTree = "<group>"; };
		5A7258FD1A76B9C100430536 /* wooden.png */ = {isa = PBXFileReference; lastKnownFileType = image.png; path = wooden.png; sourceTree = "<group>"; };
		5A7258FF1A76BDB100430536 /* home.png */ = {isa = PBXFileReference; lastKnownFileType = image.png; path = home.png; sourceTree = "<group>"; };
		5A7259011A76C3F500430536 /* retry.png */ = {isa = PBXFileReference; lastKnownFileType = image.png; path = retry.png; sourceTree = "<group>"; };
		5A7259031A76C54000430536 /* play2.png */ = {isa = PBXFileReference; lastKnownFileType = image.png; path = play2.png; sourceTree = "<group>"; };
		5A72590B1A76DE1000430536 /* cardBonus.png */ = {isa = PBXFileReference; lastKnownFileType = image.png; path = cardBonus.png; sourceTree = "<group>"; };
		5A72590C1A76DE1000430536 /* cardCoin.png */ = {isa = PBXFileReference; lastKnownFileType = image.png; path = cardCoin.png; sourceTree = "<group>"; };
		5A72590D1A76DE1000430536 /* cardHeart.png */ = {isa = PBXFileReference; lastKnownFileType = image.png; path = cardHeart.png; sourceTree = "<group>"; };
		5A72590E1A76DE1000430536 /* cardSuper.png */ = {isa = PBXFileReference; lastKnownFileType = image.png; path = cardSuper.png; sourceTree = "<group>"; };
		5AA813031A77F38600D6156E /* help.png */ = {isa = PBXFileReference; lastKnownFileType = image.png; path = help.png; sourceTree = "<group>"; };
		5AB9925C1A78D84E001E3148 /* Sheep.h */ = {isa = PBXFileReference; fileEncoding = 4; lastKnownFileType = sourcecode.c.h; name = Sheep.h; path = ../Sheep.h; sourceTree = "<group>"; };
		5AB9925D1A78D84E001E3148 /* Sheep.m */ = {isa = PBXFileReference; fileEncoding = 4; lastKnownFileType = sourcecode.c.objc; name = Sheep.m; path = ../Sheep.m; sourceTree = "<group>"; };
		5AD4B8811A79BE9600B4D974 /* viking.png */ = {isa = PBXFileReference; lastKnownFileType = image.png; path = viking.png; sourceTree = "<group>"; };
		5AD4B8821A79BE9600B4D974 /* vikingDir.png */ = {isa = PBXFileReference; lastKnownFileType = image.png; path = vikingDir.png; sourceTree = "<group>"; };
		5AD4B8831A79BE9600B4D974 /* vikingEsq.png */ = {isa = PBXFileReference; lastKnownFileType = image.png; path = vikingEsq.png; sourceTree = "<group>"; };
		5AD4B8841A79BE9600B4D974 /* vikingUp.png */ = {isa = PBXFileReference; lastKnownFileType = image.png; path = vikingUp.png; sourceTree = "<group>"; };
		5AD8CFF51A6C013800BE3D59 /* Ipp The Sheep.app */ = {isa = PBXFileReference; explicitFileType = wrapper.application; includeInIndex = 0; path = "Ipp The Sheep.app"; sourceTree = BUILT_PRODUCTS_DIR; };
		5AD8CFF91A6C013800BE3D59 /* Info.plist */ = {isa = PBXFileReference; lastKnownFileType = text.plist.xml; path = Info.plist; sourceTree = "<group>"; };
		5AD8CFFA1A6C013800BE3D59 /* main.m */ = {isa = PBXFileReference; lastKnownFileType = sourcecode.c.objc; path = main.m; sourceTree = "<group>"; };
		5AD8CFFC1A6C013800BE3D59 /* AppDelegate.h */ = {isa = PBXFileReference; lastKnownFileType = sourcecode.c.h; path = AppDelegate.h; sourceTree = "<group>"; };
		5AD8CFFD1A6C013800BE3D59 /* AppDelegate.m */ = {isa = PBXFileReference; lastKnownFileType = sourcecode.c.objc; path = AppDelegate.m; sourceTree = "<group>"; };
		5AD8CFFF1A6C013800BE3D59 /* GameScene.h */ = {isa = PBXFileReference; lastKnownFileType = sourcecode.c.h; path = GameScene.h; sourceTree = "<group>"; };
		5AD8D0001A6C013800BE3D59 /* GameScene.m */ = {isa = PBXFileReference; lastKnownFileType = sourcecode.c.objc; path = GameScene.m; sourceTree = "<group>"; };
		5AD8D0021A6C013800BE3D59 /* GameScene.sks */ = {isa = PBXFileReference; lastKnownFileType = file.sks; path = GameScene.sks; sourceTree = "<group>"; };
		5AD8D0041A6C013800BE3D59 /* GameViewController.h */ = {isa = PBXFileReference; lastKnownFileType = sourcecode.c.h; path = GameViewController.h; sourceTree = "<group>"; };
		5AD8D0051A6C013800BE3D59 /* GameViewController.m */ = {isa = PBXFileReference; lastKnownFileType = sourcecode.c.objc; path = GameViewController.m; sourceTree = "<group>"; };
		5AD8D0081A6C013800BE3D59 /* Base */ = {isa = PBXFileReference; lastKnownFileType = file.storyboard; name = Base; path = Base.lproj/Main.storyboard; sourceTree = "<group>"; };
		5AD8D00A1A6C013800BE3D59 /* Images.xcassets */ = {isa = PBXFileReference; lastKnownFileType = folder.assetcatalog; path = Images.xcassets; sourceTree = "<group>"; };
		5AD8D00D1A6C013800BE3D59 /* Base */ = {isa = PBXFileReference; lastKnownFileType = file.xib; name = Base; path = Base.lproj/LaunchScreen.xib; sourceTree = "<group>"; };
		5AD8D0181A6C013800BE3D59 /* Info.plist */ = {isa = PBXFileReference; lastKnownFileType = text.plist.xml; path = Info.plist; sourceTree = "<group>"; };
		5AD8D0191A6C013800BE3D59 /* Challenge07_SheepTests.m */ = {isa = PBXFileReference; lastKnownFileType = sourcecode.c.objc; path = Challenge07_SheepTests.m; sourceTree = "<group>"; };
/* End PBXFileReference section */

/* Begin PBXFrameworksBuildPhase section */
		5AD8CFF21A6C013800BE3D59 /* Frameworks */ = {
			isa = PBXFrameworksBuildPhase;
			buildActionMask = 2147483647;
			files = (
			);
			runOnlyForDeploymentPostprocessing = 0;
		};
/* End PBXFrameworksBuildPhase section */

/* Begin PBXGroup section */
		06C303381A75D57100FFDF7F /* buttons */ = {
			isa = PBXGroup;
			children = (
				5A7259031A76C54000430536 /* play2.png */,
				5A7258FF1A76BDB100430536 /* home.png */,
				06C3033D1A75D8F400FFDF7F /* play.png */,
				5A7259011A76C3F500430536 /* retry.png */,
				5A7258FB1A76B89F00430536 /* cart.png */,
				5A7258F91A76B5BA00430536 /* ranking.png */,
			);
			name = buttons;
			sourceTree = "<group>";
		};
		06C303391A75D58400FFDF7F /* sounds */ = {
			isa = PBXGroup;
			children = (
				5A7258F51A76B27100430536 /* dyingSheep.mp3 */,
				08B1D9B31A76C0BE00788575 /* initialScreen.mp3 */,
				08B1D9B41A76C0BE00788575 /* store.wav */,
				06C303111A72BCB900FFDF7F /* backgroundMusic.wav */,
				06C303121A72BCB900FFDF7F /* ImSheep.mp3 */,
			);
			name = sounds;
			sourceTree = "<group>";
		};
		5AD4B8891A79BEA600B4D974 /* viking */ = {
			isa = PBXGroup;
			children = (
				5AD4B8811A79BE9600B4D974 /* viking.png */,
				5AD4B8821A79BE9600B4D974 /* vikingDir.png */,
				5AD4B8831A79BE9600B4D974 /* vikingEsq.png */,
				5AD4B8841A79BE9600B4D974 /* vikingUp.png */,
			);
			name = viking;
			sourceTree = "<group>";
		};
		5AD4B88A1A79BFD200B4D974 /* pirate */ = {
			isa = PBXGroup;
			children = (
				08D9DB531A7FDAAB001FFC24 /* pirateEsq.png */,
				08D9DB4B1A7FD9E6001FFC24 /* pirate.png */,
				08D9DB4C1A7FD9E6001FFC24 /* pirateDir.png */,
				08D9DB4E1A7FD9E6001FFC24 /* pirateUp.png */,
			);
			name = pirate;
			sourceTree = "<group>";
		};
		5AD8CFEC1A6C013800BE3D59 = {
			isa = PBXGroup;
			children = (
				5AD8CFF71A6C013800BE3D59 /* Challenge07-Sheep */,
				5AD8D0161A6C013800BE3D59 /* Challenge07-SheepTests */,
				5AD8CFF61A6C013800BE3D59 /* Products */,
			);
			sourceTree = "<group>";
		};
		5AD8CFF61A6C013800BE3D59 /* Products */ = {
			isa = PBXGroup;
			children = (
				5AD8CFF51A6C013800BE3D59 /* Ipp The Sheep.app */,
			);
			name = Products;
			sourceTree = "<group>";
		};
		5AD8CFF71A6C013800BE3D59 /* Challenge07-Sheep */ = {
			isa = PBXGroup;
			children = (
				08B5928E1A77DE3300979D23 /* Store.h */,
				08B5928F1A77DE3300979D23 /* Store.m */,
				5A06657A1A72C27200163B47 /* HighScoreScene.h */,
				5A06657B1A72C27200163B47 /* HighScoreScene.m */,
				5AD8CFFC1A6C013800BE3D59 /* AppDelegate.h */,
				5AD8CFFD1A6C013800BE3D59 /* AppDelegate.m */,
				5AD8CFFF1A6C013800BE3D59 /* GameScene.h */,
				5AD8D0001A6C013800BE3D59 /* GameScene.m */,
				5AD8D0021A6C013800BE3D59 /* GameScene.sks */,
				5AD8D0041A6C013800BE3D59 /* GameViewController.h */,
				5AD8D0051A6C013800BE3D59 /* GameViewController.m */,
				06C303351A75D3EA00FFDF7F /* RWGameData.h */,
				06C303361A75D3EA00FFDF7F /* RWGameData.m */,
				06C3033A1A75D5C200FFDF7F /* InitialScreen.h */,
				06C3033B1A75D5C200FFDF7F /* InitialScreen.m */,
				5AB9925C1A78D84E001E3148 /* Sheep.h */,
				5AB9925D1A78D84E001E3148 /* Sheep.m */,
				06C303561A77D94400FFDF7F /* TutorialScene.h */,
				06C303571A77D94400FFDF7F /* TutorialScene.m */,
				06C303621A796C5A00FFDF7F /* trailerScene.h */,
				06C303631A796C5A00FFDF7F /* trailerScene.m */,
				5AD8D0071A6C013800BE3D59 /* Main.storyboard */,
				5AD8D00A1A6C013800BE3D59 /* Images.xcassets */,
				5AD8D00C1A6C013800BE3D59 /* LaunchScreen.xib */,
				5AD8CFF81A6C013800BE3D59 /* Supporting Files */,
			);
			path = "Challenge07-Sheep";
			sourceTree = "<group>";
		};
		5AD8CFF81A6C013800BE3D59 /* Supporting Files */ = {
			isa = PBXGroup;
			children = (
				5AD4B8891A79BEA600B4D974 /* viking */,
				5AD4B88A1A79BFD200B4D974 /* pirate */,
				06C3035F1A79695F00FFDF7F /* introMovie.mp4 */,
				06C303601A796AA700FFDF7F /* introMovie2.mov */,
				080569CF1A780D5F0071E451 /* king.png */,
				080569C91A780D550071E451 /* link.png */,
				080569CA1A780D550071E451 /* medieval.png */,
				5AA813031A77F38600D6156E /* help.png */,
				08B5928C1A77DB5F00979D23 /* nakedSheep.png */,
				080569C71A77F39B0071E451 /* woodBackground.png */,
				06C3035B1A77E41600FFDF7F /* tutorial.png */,
				5A72590B1A76DE1000430536 /* cardBonus.png */,
				5A72590C1A76DE1000430536 /* cardCoin.png */,
				5A72590D1A76DE1000430536 /* cardHeart.png */,
				5A72590E1A76DE1000430536 /* cardSuper.png */,
				5A7258FD1A76B9C100430536 /* wooden.png */,
				06C303391A75D58400FFDF7F /* sounds */,
				06C303381A75D57100FFDF7F /* buttons */,
				5A06658D1A72CC4000163B47 /* animation.atlas */,
				089AD9361A76D1090045F73C /* coins.png */,
				5A06651D1A71792000163B47 /* heart.png */,
				06E189CA1A6C8F99007AEF67 /* background1.png */,
				5AD8CFF91A6C013800BE3D59 /* Info.plist */,
				5AD8CFFA1A6C013800BE3D59 /* main.m */,
			);
			name = "Supporting Files";
			sourceTree = "<group>";
		};
		5AD8D0161A6C013800BE3D59 /* Challenge07-SheepTests */ = {
			isa = PBXGroup;
			children = (
				5AD8D0191A6C013800BE3D59 /* Challenge07_SheepTests.m */,
				5AD8D0171A6C013800BE3D59 /* Supporting Files */,
			);
			path = "Challenge07-SheepTests";
			sourceTree = "<group>";
		};
		5AD8D0171A6C013800BE3D59 /* Supporting Files */ = {
			isa = PBXGroup;
			children = (
				5AD8D0181A6C013800BE3D59 /* Info.plist */,
			);
			name = "Supporting Files";
			sourceTree = "<group>";
		};
/* End PBXGroup section */

/* Begin PBXNativeTarget section */
		5AD8CFF41A6C013800BE3D59 /* Challenge07-Sheep */ = {
			isa = PBXNativeTarget;
			buildConfigurationList = 5AD8D01D1A6C013800BE3D59 /* Build configuration list for PBXNativeTarget "Challenge07-Sheep" */;
			buildPhases = (
				5AD8CFF11A6C013800BE3D59 /* Sources */,
				5AD8CFF21A6C013800BE3D59 /* Frameworks */,
				5AD8CFF31A6C013800BE3D59 /* Resources */,
			);
			buildRules = (
			);
			dependencies = (
			);
			name = "Challenge07-Sheep";
			productName = "Challenge07-Sheep";
			productReference = 5AD8CFF51A6C013800BE3D59 /* Ipp The Sheep.app */;
			productType = "com.apple.product-type.application";
		};
/* End PBXNativeTarget section */

/* Begin PBXProject section */
		5AD8CFED1A6C013800BE3D59 /* Project object */ = {
			isa = PBXProject;
			attributes = {
				LastUpgradeCheck = 0610;
				ORGANIZATIONNAME = "Douglas Mandarino";
				TargetAttributes = {
					5AD8CFF41A6C013800BE3D59 = {
						CreatedOnToolsVersion = 6.1.1;
						DevelopmentTeam = N3GG8VLR9P;
					};
				};
			};
			buildConfigurationList = 5AD8CFF01A6C013800BE3D59 /* Build configuration list for PBXProject "Challenge07-Sheep" */;
			compatibilityVersion = "Xcode 3.2";
			developmentRegion = English;
			hasScannedForEncodings = 0;
			knownRegions = (
				en,
				Base,
			);
			mainGroup = 5AD8CFEC1A6C013800BE3D59;
			productRefGroup = 5AD8CFF61A6C013800BE3D59 /* Products */;
			projectDirPath = "";
			projectRoot = "";
			targets = (
				5AD8CFF41A6C013800BE3D59 /* Challenge07-Sheep */,
			);
		};
/* End PBXProject section */

/* Begin PBXResourcesBuildPhase section */
		5AD8CFF31A6C013800BE3D59 /* Resources */ = {
			isa = PBXResourcesBuildPhase;
			buildActionMask = 2147483647;
			files = (
				5AD8D00E1A6C013800BE3D59 /* LaunchScreen.xib in Resources */,
				5A7259021A76C3F500430536 /* retry.png in Resources */,
				08B1D9B71A76C0BE00788575 /* store.wav in Resources */,
				5A7258FE1A76B9C100430536 /* wooden.png in Resources */,
				08B1D9B61A76C0BE00788575 /* initialScreen.mp3 in Resources */,
				5AD4B8871A79BE9600B4D974 /* vikingEsq.png in Resources */,
				5A72590F1A76DE1000430536 /* cardBonus.png in Resources */,
				5A06651F1A71792000163B47 /* heart.png in Resources */,
				5A7259041A76C54000430536 /* play2.png in Resources */,
				06C3035C1A77E41600FFDF7F /* tutorial.png in Resources */,
				5AD4B8861A79BE9600B4D974 /* vikingDir.png in Resources */,
				080569CD1A780D550071E451 /* medieval.png in Resources */,
				5AA813041A77F38600D6156E /* help.png in Resources */,
				089AD9371A76D1090045F73C /* coins.png in Resources */,
				08D9DB4F1A7FD9E6001FFC24 /* pirate.png in Resources */,
				080569C81A77F39B0071E451 /* woodBackground.png in Resources */,
				5A7258FC1A76B89F00430536 /* cart.png in Resources */,
				08D9DB521A7FD9E6001FFC24 /* pirateUp.png in Resources */,
				5A7258FA1A76B5BA00430536 /* ranking.png in Resources */,
				5AD4B8881A79BE9600B4D974 /* vikingUp.png in Resources */,
				5A7259101A76DE1000430536 /* cardCoin.png in Resources */,
				5A7259111A76DE1000430536 /* cardHeart.png in Resources */,
				5AD4B8851A79BE9600B4D974 /* viking.png in Resources */,
				5A7259001A76BDB100430536 /* home.png in Resources */,
				080569D01A780D5F0071E451 /* king.png in Resources */,
				06E189CB1A6C8F99007AEF67 /* background1.png in Resources */,
				5A7258F61A76B27100430536 /* dyingSheep.mp3 in Resources */,
				06C303141A72BCB900FFDF7F /* backgroundMusic.wav in Resources */,
				5AD8D00B1A6C013800BE3D59 /* Images.xcassets in Resources */,
				08B5928D1A77DB5F00979D23 /* nakedSheep.png in Resources */,
				5A06658E1A72CC4000163B47 /* animation.atlas in Resources */,
				080569CC1A780D550071E451 /* link.png in Resources */,
				5A7259121A76DE1000430536 /* cardSuper.png in Resources */,
				06C3033E1A75D8F400FFDF7F /* play.png in Resources */,
				06C303151A72BCB900FFDF7F /* ImSheep.mp3 in Resources */,
				5AD8D0031A6C013800BE3D59 /* GameScene.sks in Resources */,
				5AD8D0091A6C013800BE3D59 /* Main.storyboard in Resources */,
				08D9DB501A7FD9E6001FFC24 /* pirateDir.png in Resources */,
				08D9DB541A7FDAAB001FFC24 /* pirateEsq.png in Resources */,
				06C303611A796AA700FFDF7F /* introMovie2.mov in Resources */,
			);
			runOnlyForDeploymentPostprocessing = 0;
		};
/* End PBXResourcesBuildPhase section */

/* Begin PBXSourcesBuildPhase section */
		5AD8CFF11A6C013800BE3D59 /* Sources */ = {
			isa = PBXSourcesBuildPhase;
			buildActionMask = 2147483647;
			files = (
				5AD8D0061A6C013800BE3D59 /* GameViewController.m in Sources */,
				5AD8CFFE1A6C013800BE3D59 /* AppDelegate.m in Sources */,
				06C3033C1A75D5C200FFDF7F /* InitialScreen.m in Sources */,
				06C303371A75D3EA00FFDF7F /* RWGameData.m in Sources */,
				06C303581A77D94400FFDF7F /* TutorialScene.m in Sources */,
				5AD8D0011A6C013800BE3D59 /* GameScene.m in Sources */,
				06C303641A796C5A00FFDF7F /* trailerScene.m in Sources */,
				5AD8CFFB1A6C013800BE3D59 /* main.m in Sources */,
				5AB9925E1A78D84E001E3148 /* Sheep.m in Sources */,
				5A06657C1A72C27200163B47 /* HighScoreScene.m in Sources */,
				08B592901A77DE3300979D23 /* Store.m in Sources */,
			);
			runOnlyForDeploymentPostprocessing = 0;
		};
/* End PBXSourcesBuildPhase section */

/* Begin PBXVariantGroup section */
		5AD8D0071A6C013800BE3D59 /* Main.storyboard */ = {
			isa = PBXVariantGroup;
			children = (
				5AD8D0081A6C013800BE3D59 /* Base */,
			);
			name = Main.storyboard;
			sourceTree = "<group>";
		};
		5AD8D00C1A6C013800BE3D59 /* LaunchScreen.xib */ = {
			isa = PBXVariantGroup;
			children = (
				5AD8D00D1A6C013800BE3D59 /* Base */,
			);
			name = LaunchScreen.xib;
			sourceTree = "<group>";
		};
/* End PBXVariantGroup section */

/* Begin XCBuildConfiguration section */
		5AD8D01B1A6C013800BE3D59 /* Debug */ = {
			isa = XCBuildConfiguration;
			buildSettings = {
				ALWAYS_SEARCH_USER_PATHS = NO;
				CLANG_CXX_LANGUAGE_STANDARD = "gnu++0x";
				CLANG_CXX_LIBRARY = "libc++";
				CLANG_ENABLE_MODULES = YES;
				CLANG_ENABLE_OBJC_ARC = YES;
				CLANG_WARN_BOOL_CONVERSION = YES;
				CLANG_WARN_CONSTANT_CONVERSION = YES;
				CLANG_WARN_DIRECT_OBJC_ISA_USAGE = YES_ERROR;
				CLANG_WARN_EMPTY_BODY = YES;
				CLANG_WARN_ENUM_CONVERSION = YES;
				CLANG_WARN_INT_CONVERSION = YES;
				CLANG_WARN_OBJC_ROOT_CLASS = YES_ERROR;
				CLANG_WARN_UNREACHABLE_CODE = YES;
				CLANG_WARN__DUPLICATE_METHOD_MATCH = YES;
				"CODE_SIGN_IDENTITY[sdk=iphoneos*]" = "iPhone Developer";
				COPY_PHASE_STRIP = NO;
				ENABLE_STRICT_OBJC_MSGSEND = YES;
				GCC_C_LANGUAGE_STANDARD = gnu99;
				GCC_DYNAMIC_NO_PIC = NO;
				GCC_OPTIMIZATION_LEVEL = 0;
				GCC_PREPROCESSOR_DEFINITIONS = (
					"DEBUG=1",
					"$(inherited)",
				);
				GCC_SYMBOLS_PRIVATE_EXTERN = NO;
				GCC_WARN_64_TO_32_BIT_CONVERSION = YES;
				GCC_WARN_ABOUT_RETURN_TYPE = YES_ERROR;
				GCC_WARN_UNDECLARED_SELECTOR = YES;
				GCC_WARN_UNINITIALIZED_AUTOS = YES_AGGRESSIVE;
				GCC_WARN_UNUSED_FUNCTION = YES;
				GCC_WARN_UNUSED_VARIABLE = YES;
				IPHONEOS_DEPLOYMENT_TARGET = 8.1;
				MTL_ENABLE_DEBUG_INFO = YES;
				ONLY_ACTIVE_ARCH = YES;
				SDKROOT = iphoneos;
				TARGETED_DEVICE_FAMILY = "1,2";
			};
			name = Debug;
		};
		5AD8D01C1A6C013800BE3D59 /* Release */ = {
			isa = XCBuildConfiguration;
			buildSettings = {
				ALWAYS_SEARCH_USER_PATHS = NO;
				CLANG_CXX_LANGUAGE_STANDARD = "gnu++0x";
				CLANG_CXX_LIBRARY = "libc++";
				CLANG_ENABLE_MODULES = YES;
				CLANG_ENABLE_OBJC_ARC = YES;
				CLANG_WARN_BOOL_CONVERSION = YES;
				CLANG_WARN_CONSTANT_CONVERSION = YES;
				CLANG_WARN_DIRECT_OBJC_ISA_USAGE = YES_ERROR;
				CLANG_WARN_EMPTY_BODY = YES;
				CLANG_WARN_ENUM_CONVERSION = YES;
				CLANG_WARN_INT_CONVERSION = YES;
				CLANG_WARN_OBJC_ROOT_CLASS = YES_ERROR;
				CLANG_WARN_UNREACHABLE_CODE = YES;
				CLANG_WARN__DUPLICATE_METHOD_MATCH = YES;
				"CODE_SIGN_IDENTITY[sdk=iphoneos*]" = "iPhone Developer";
				COPY_PHASE_STRIP = YES;
				ENABLE_NS_ASSERTIONS = NO;
				ENABLE_STRICT_OBJC_MSGSEND = YES;
				GCC_C_LANGUAGE_STANDARD = gnu99;
				GCC_WARN_64_TO_32_BIT_CONVERSION = YES;
				GCC_WARN_ABOUT_RETURN_TYPE = YES_ERROR;
				GCC_WARN_UNDECLARED_SELECTOR = YES;
				GCC_WARN_UNINITIALIZED_AUTOS = YES_AGGRESSIVE;
				GCC_WARN_UNUSED_FUNCTION = YES;
				GCC_WARN_UNUSED_VARIABLE = YES;
				IPHONEOS_DEPLOYMENT_TARGET = 8.1;
				MTL_ENABLE_DEBUG_INFO = NO;
				SDKROOT = iphoneos;
				TARGETED_DEVICE_FAMILY = "1,2";
				VALIDATE_PRODUCT = YES;
			};
			name = Release;
		};
		5AD8D01E1A6C013800BE3D59 /* Debug */ = {
			isa = XCBuildConfiguration;
			buildSettings = {
				ASSETCATALOG_COMPILER_APPICON_NAME = "AppIcon-1";
				ASSETCATALOG_COMPILER_LAUNCHIMAGE_NAME = LaunchImage;
				CODE_SIGN_IDENTITY = "iPhone Developer";
				"CODE_SIGN_IDENTITY[sdk=iphoneos*]" = "iPhone Developer";
				INFOPLIST_FILE = "Challenge07-Sheep/Info.plist";
				LD_RUNPATH_SEARCH_PATHS = "$(inherited) @executable_path/Frameworks";
				PRODUCT_NAME = "Ipp The Sheep";
				PROVISIONING_PROFILE = "";
			};
			name = Debug;
		};
		5AD8D01F1A6C013800BE3D59 /* Release */ = {
			isa = XCBuildConfiguration;
			buildSettings = {
				ASSETCATALOG_COMPILER_APPICON_NAME = "AppIcon-1";
				ASSETCATALOG_COMPILER_LAUNCHIMAGE_NAME = LaunchImage;
				CODE_SIGN_IDENTITY = "iPhone Developer";
				"CODE_SIGN_IDENTITY[sdk=iphoneos*]" = "iPhone Developer";
				INFOPLIST_FILE = "Challenge07-Sheep/Info.plist";
				LD_RUNPATH_SEARCH_PATHS = "$(inherited) @executable_path/Frameworks";
				PRODUCT_NAME = "Ipp The Sheep";
				PROVISIONING_PROFILE = "";
			};
			name = Release;
		};
/* End XCBuildConfiguration section */

/* Begin XCConfigurationList section */
		5AD8CFF01A6C013800BE3D59 /* Build configuration list for PBXProject "Challenge07-Sheep" */ = {
			isa = XCConfigurationList;
			buildConfigurations = (
				5AD8D01B1A6C013800BE3D59 /* Debug */,
				5AD8D01C1A6C013800BE3D59 /* Release */,
			);
			defaultConfigurationIsVisible = 0;
			defaultConfigurationName = Release;
		};
		5AD8D01D1A6C013800BE3D59 /* Build configuration list for PBXNativeTarget "Challenge07-Sheep" */ = {
			isa = XCConfigurationList;
			buildConfigurations = (
				5AD8D01E1A6C013800BE3D59 /* Debug */,
				5AD8D01F1A6C013800BE3D59 /* Release */,
			);
			defaultConfigurationIsVisible = 0;
			defaultConfigurationName = Release;
		};
/* End XCConfigurationList section */
	};
	rootObject = 5AD8CFED1A6C013800BE3D59 /* Project object */;
}
